
Microsoft Visual Studio Solution File, Format Version 12.00
# Visual Studio Version 17
VisualStudioVersion = 17.12.35521.163
MinimumVisualStudioVersion = 10.0.40219.1
Project("{FAE04EC0-301F-11D3-BF4B-00C04F79EFBC}") = "CapaPresentacion", "CapaPresentacion\CapaPresentacion.csproj", "{00799A21-58A2-4674-B99C-83F0616EB327}"
EndProject
Project("{FAE04EC0-301F-11D3-BF4B-00C04F79EFBC}") = "CapaLogica", "CapaLogica\CapaLogica.csproj", "{B982E655-8CC1-4835-9345-C30C933CB09D}"
EndProject
Project("{FAE04EC0-301F-11D3-BF4B-00C04F79EFBC}") = "CapaDatos", "CapaDatos\CapaDatos.csproj", "{AF3B49F3-2F42-4340-BA2A-7210EBE43673}"
EndProject
Project("{FAE04EC0-301F-11D3-BF4B-00C04F79EFBC}") = "CapaSeguridad", "CapaSeguridad\CapaSeguridad.csproj", "{8E7F8FD0-5EA5-4D8C-8E09-093B2761A583}"
EndProject
Global
	GlobalSection(SolutionConfigurationPlatforms) = preSolution
		Debug|Any CPU = Debug|Any CPU
		Release|Any CPU = Release|Any CPU
	EndGlobalSection
	GlobalSection(ProjectConfigurationPlatforms) = postSolution
		{00799A21-58A2-4674-B99C-83F0616EB327}.Debug|Any CPU.ActiveCfg = Debug|Any CPU
		{00799A21-58A2-4674-B99C-83F0616EB327}.Debug|Any CPU.Build.0 = Debug|Any CPU
		{00799A21-58A2-4674-B99C-83F0616EB327}.Release|Any CPU.ActiveCfg = Release|Any CPU
		{00799A21-58A2-4674-B99C-83F0616EB327}.Release|Any CPU.Build.0 = Release|Any CPU
		{B982E655-8CC1-4835-9345-C30C933CB09D}.Debug|Any CPU.ActiveCfg = Debug|Any CPU
		{B982E655-8CC1-4835-9345-C30C933CB09D}.Debug|Any CPU.Build.0 = Debug|Any CPU
		{B982E655-8CC1-4835-9345-C30C933CB09D}.Release|Any CPU.ActiveCfg = Release|Any CPU
		{B982E655-8CC1-4835-9345-C30C933CB09D}.Release|Any CPU.Build.0 = Release|Any CPU
		{AF3B49F3-2F42-4340-BA2A-7210EBE43673}.Debug|Any CPU.ActiveCfg = Debug|Any CPU
		{AF3B49F3-2F42-4340-BA2A-7210EBE43673}.Debug|Any CPU.Build.0 = Debug|Any CPU
		{AF3B49F3-2F42-4340-BA2A-7210EBE43673}.Release|Any CPU.ActiveCfg = Release|Any CPU
		{AF3B49F3-2F42-4340-BA2A-7210EBE43673}.Release|Any CPU.Build.0 = Release|Any CPU
		{8E7F8FD0-5EA5-4D8C-8E09-093B2761A583}.Debug|Any CPU.ActiveCfg = Debug|Any CPU
		{8E7F8FD0-5EA5-4D8C-8E09-093B2761A583}.Debug|Any CPU.Build.0 = Debug|Any CPU
		{8E7F8FD0-5EA5-4D8C-8E09-093B2761A583}.Release|Any CPU.ActiveCfg = Release|Any CPU
		{8E7F8FD0-5EA5-4D8C-8E09-093B2761A583}.Release|Any CPU.Build.0 = Release|Any CPU
	EndGlobalSection
	GlobalSection(SolutionProperties) = preSolution
		HideSolutionNode = FALSE
	EndGlobalSection
EndGlobal
